{
    "_readme": [
        "This file locks the dependencies of your project to a known state",
        "Read more about it at https://getcomposer.org/doc/01-basic-usage.md#installing-dependencies",
        "This file is @generated automatically"
    ],
    "content-hash": "636383ab32c700792cf32f32e3618325",
    "packages": [
        {
            "name": "ernilambar/optioner",
            "version": "2.0.9",
            "source": {
                "type": "git",
                "url": "https://github.com/ernilambar/optioner.git",
                "reference": "b7ef22ac76b49afd6c2229451ff5909f794463f5"
            },
            "dist": {
                "type": "zip",
                "url": "https://api.github.com/repos/ernilambar/optioner/zipball/b7ef22ac76b49afd6c2229451ff5909f794463f5",
                "reference": "b7ef22ac76b49afd6c2229451ff5909f794463f5",
                "shasum": ""
            },
            "require": {
                "php": ">=5.6"
            },
            "type": "library",
            "notification-url": "https://packagist.org/downloads/",
            "license": [
                "MIT"
            ],
            "authors": [
                {
                    "name": "Nilambar Sharma",
                    "email": "nilambar@outlook.com",
                    "homepage": "https://www.nilambar.net",
                    "role": "Developer"
                }
            ],
            "description": "Minimal option framework for WordPress plugins",
            "homepage": "https://github.com/ernilambar/optioner",
            "keywords": [
                "option",
                "wordpress"
            ],
            "support": {
                "issues": "https://github.com/ernilambar/optioner/issues",
                "source": "https://github.com/ernilambar/optioner/tree/2.0.9"
            },
            "time": "2023-04-30T09:04:01+00:00"
        },
        {
            "name": "ernilambar/wp-admin-notice",
            "version": "1.0.1",
            "source": {
                "type": "git",
                "url": "https://github.com/ernilambar/wp-admin-notice.git",
                "reference": "99d73f74a17357a60abff104be06e5c07ec72f7f"
            },
            "dist": {
                "type": "zip",
                "url": "https://api.github.com/repos/ernilambar/wp-admin-notice/zipball/99d73f74a17357a60abff104be06e5c07ec72f7f",
                "reference": "99d73f74a17357a60abff104be06e5c07ec72f7f",
                "shasum": ""
            },
            "require": {
                "php": ">=5.6"
            },
            "type": "library",
            "autoload": {
                "psr-4": {
                    "Nilambar\\AdminNotice\\": "src"
                }
            },
            "notification-url": "https://packagist.org/downloads/",
            "license": [
                "MIT"
            ],
            "authors": [
                {
                    "name": "Nilambar Sharma",
                    "email": "nilambar@outlook.com",
                    "homepage": "https://www.nilambar.net/"
                }
            ],
            "description": "WordPress Helper for showing admin notice",
            "homepage": "https://github.com/ernilambar/wp-admin-notice",
            "keywords": [
                "admin",
                "notice",
                "wordpress"
            ],
            "support": {
                "issues": "https://github.com/ernilambar/wp-admin-notice/issues/",
                "source": "https://github.com/ernilambar/wp-admin-notice/tree/1.0.1"
            },
            "time": "2023-05-23T10:16:06+00:00"
        }
    ],
    "packages-dev": [],
    "aliases": [],
    "minimum-stability": "stable",
    "stability-flags": [],
    "prefer-stable": false,
    "prefer-lowest": false,
    "platform": [],
    "platform-dev": [],
    "plugin-api-version": "2.1.0"
}
